
Microsoft Visual Studio Solution File, Format Version 12.00
# Visual Studio 15
VisualStudioVersion = 15.0.27130.2010
MinimumVisualStudioVersion = 10.0.40219.1
Project("{FAE04EC0-301F-11D3-BF4B-00C04F79EFBC}") = "CircularStack", "src\CircularStack.csproj", "{2CFF2597-A555-47E4-9A2F-38E9BB535AB2}"
EndProject
Project("{FAE04EC0-301F-11D3-BF4B-00C04F79EFBC}") = "CircularStackTests", "tests\CircularStackTests.csproj", "{6259D2E4-700E-4C5F-864E-410B8BA4E407}"
EndProject
Global
	GlobalSection(SolutionConfigurationPlatforms) = preSolution
		Debug|Any CPU = Debug|Any CPU
		Release|Any CPU = Release|Any CPU
	EndGlobalSection
	GlobalSection(ProjectConfigurationPlatforms) = postSolution
		{2CFF2597-A555-47E4-9A2F-38E9BB535AB2}.Debug|Any CPU.ActiveCfg = Debug|Any CPU
		{2CFF2597-A555-47E4-9A2F-38E9BB535AB2}.Debug|Any CPU.Build.0 = Debug|Any CPU
		{2CFF2597-A555-47E4-9A2F-38E9BB535AB2}.Release|Any CPU.ActiveCfg = Release|Any CPU
		{2CFF2597-A555-47E4-9A2F-38E9BB535AB2}.Release|Any CPU.Build.0 = Release|Any CPU
		{6259D2E4-700E-4C5F-864E-410B8BA4E407}.Debug|Any CPU.ActiveCfg = Debug|Any CPU
		{6259D2E4-700E-4C5F-864E-410B8BA4E407}.Debug|Any CPU.Build.0 = Debug|Any CPU
		{6259D2E4-700E-4C5F-864E-410B8BA4E407}.Release|Any CPU.ActiveCfg = Release|Any CPU
		{6259D2E4-700E-4C5F-864E-410B8BA4E407}.Release|Any CPU.Build.0 = Release|Any CPU
	EndGlobalSection
	GlobalSection(SolutionProperties) = preSolution
		HideSolutionNode = FALSE
	EndGlobalSection
	GlobalSection(ExtensibilityGlobals) = postSolution
		SolutionGuid = {FC48B463-3ED8-4B18-8CDB-874799B8C795}
	EndGlobalSection
EndGlobal
